
Microsoft Visual Studio Solution File, Format Version 12.00
# Visual Studio Version 17
VisualStudioVersion = 17.6.33829.357
MinimumVisualStudioVersion = 10.0.40219.1
Project("{9A19103F-16F7-4668-BE54-9A1E7A4F7556}") = "DrinkVendingMachineTestApp", "DrinkVendingMachineTestApp\DrinkVendingMachineTestApp.csproj", "{FFCACFDC-B905-4E9E-911A-6B40E6F5707B}"
EndProject
Global
	GlobalSection(SolutionConfigurationPlatforms) = preSolution
		Debug|Any CPU = Debug|Any CPU
		Release|Any CPU = Release|Any CPU
	EndGlobalSection
	GlobalSection(ProjectConfigurationPlatforms) = postSolution
		{FFCACFDC-B905-4E9E-911A-6B40E6F5707B}.Debug|Any CPU.ActiveCfg = Debug|Any CPU
		{FFCACFDC-B905-4E9E-911A-6B40E6F5707B}.Debug|Any CPU.Build.0 = Debug|Any CPU
		{FFCACFDC-B905-4E9E-911A-6B40E6F5707B}.Release|Any CPU.ActiveCfg = Release|Any CPU
		{FFCACFDC-B905-4E9E-911A-6B40E6F5707B}.Release|Any CPU.Build.0 = Release|Any CPU
	EndGlobalSection
	GlobalSection(SolutionProperties) = preSolution
		HideSolutionNode = FALSE
	EndGlobalSection
	GlobalSection(ExtensibilityGlobals) = postSolution
		SolutionGuid = {B825D66C-3602-4F78-AA23-9728C2C6F208}
	EndGlobalSection
EndGlobal
